
Microsoft Visual Studio Solution File, Format Version 12.00
# Visual Studio Version 17
VisualStudioVersion = 17.7.34031.279
MinimumVisualStudioVersion = 10.0.40219.1
Project("{FAE04EC0-301F-11D3-BF4B-00C04F79EFBC}") = "63CNTT4_PTUDW", "63CNTT4_PTUDW\63CNTT4_PTUDW.csproj", "{22A07667-FF40-4113-A1BD-8813F24D9CE6}"
EndProject
Project("{FAE04EC0-301F-11D3-BF4B-00C04F79EFBC}") = "MyClass", "MyClass\MyClass.csproj", "{79BA9489-605B-4A49-A5C0-D913C13D69BC}"
EndProject
Global
	GlobalSection(SolutionConfigurationPlatforms) = preSolution
		Debug|Any CPU = Debug|Any CPU
		Release|Any CPU = Release|Any CPU
	EndGlobalSection
	GlobalSection(ProjectConfigurationPlatforms) = postSolution
		{22A07667-FF40-4113-A1BD-8813F24D9CE6}.Debug|Any CPU.ActiveCfg = Debug|Any CPU
		{22A07667-FF40-4113-A1BD-8813F24D9CE6}.Debug|Any CPU.Build.0 = Debug|Any CPU
		{22A07667-FF40-4113-A1BD-8813F24D9CE6}.Release|Any CPU.ActiveCfg = Release|Any CPU
		{22A07667-FF40-4113-A1BD-8813F24D9CE6}.Release|Any CPU.Build.0 = Release|Any CPU
		{79BA9489-605B-4A49-A5C0-D913C13D69BC}.Debug|Any CPU.ActiveCfg = Debug|Any CPU
		{79BA9489-605B-4A49-A5C0-D913C13D69BC}.Debug|Any CPU.Build.0 = Debug|Any CPU
		{79BA9489-605B-4A49-A5C0-D913C13D69BC}.Release|Any CPU.ActiveCfg = Release|Any CPU
		{79BA9489-605B-4A49-A5C0-D913C13D69BC}.Release|Any CPU.Build.0 = Release|Any CPU
	EndGlobalSection
	GlobalSection(SolutionProperties) = preSolution
		HideSolutionNode = FALSE
	EndGlobalSection
	GlobalSection(ExtensibilityGlobals) = postSolution
		SolutionGuid = {E01770BC-722D-4DA4-9487-02271444B077}
	EndGlobalSection
EndGlobal
